
Microsoft Visual Studio Solution File, Format Version 12.00
# Visual Studio Version 17
VisualStudioVersion = 17.13.35931.197 d17.13
MinimumVisualStudioVersion = 10.0.40219.1
Project("{FAE04EC0-301F-11D3-BF4B-00C04F79EFBC}") = "git and git hub", "git and git hub\git and git hub.csproj", "{FC15F954-5023-483C-B0BF-5B85EC9977CE}"
EndProject
Global
	GlobalSection(SolutionConfigurationPlatforms) = preSolution
		Debug|Any CPU = Debug|Any CPU
		Release|Any CPU = Release|Any CPU
	EndGlobalSection
	GlobalSection(ProjectConfigurationPlatforms) = postSolution
		{FC15F954-5023-483C-B0BF-5B85EC9977CE}.Debug|Any CPU.ActiveCfg = Debug|Any CPU
		{FC15F954-5023-483C-B0BF-5B85EC9977CE}.Debug|Any CPU.Build.0 = Debug|Any CPU
		{FC15F954-5023-483C-B0BF-5B85EC9977CE}.Release|Any CPU.ActiveCfg = Release|Any CPU
		{FC15F954-5023-483C-B0BF-5B85EC9977CE}.Release|Any CPU.Build.0 = Release|Any CPU
	EndGlobalSection
	GlobalSection(SolutionProperties) = preSolution
		HideSolutionNode = FALSE
	EndGlobalSection
	GlobalSection(ExtensibilityGlobals) = postSolution
		SolutionGuid = {475999F5-5F93-4AD4-8D2F-6D73619CFE61}
	EndGlobalSection
EndGlobal
